
Microsoft Visual Studio Solution File, Format Version 12.00
# Visual Studio Version 16
VisualStudioVersion = 16.0.29709.97
MinimumVisualStudioVersion = 10.0.40219.1
Project("{9A19103F-16F7-4668-BE54-9A1E7A4F7556}") = "GateControl.Web", "GateControl.Web\GateControl.Web.csproj", "{37CDBAFF-25C8-44BF-950D-770509FED8E5}"
EndProject
Project("{FAE04EC0-301F-11D3-BF4B-00C04F79EFBC}") = "GrpcClient", "GrpcClient\GrpcClient.csproj", "{113FF859-9684-40AA-B436-E6B05EC7880A}"
EndProject
Global
	GlobalSection(SolutionConfigurationPlatforms) = preSolution
		Debug|Any CPU = Debug|Any CPU
		Release|Any CPU = Release|Any CPU
	EndGlobalSection
	GlobalSection(ProjectConfigurationPlatforms) = postSolution
		{37CDBAFF-25C8-44BF-950D-770509FED8E5}.Debug|Any CPU.ActiveCfg = Debug|Any CPU
		{37CDBAFF-25C8-44BF-950D-770509FED8E5}.Debug|Any CPU.Build.0 = Debug|Any CPU
		{37CDBAFF-25C8-44BF-950D-770509FED8E5}.Release|Any CPU.ActiveCfg = Release|Any CPU
		{37CDBAFF-25C8-44BF-950D-770509FED8E5}.Release|Any CPU.Build.0 = Release|Any CPU
		{113FF859-9684-40AA-B436-E6B05EC7880A}.Debug|Any CPU.ActiveCfg = Debug|Any CPU
		{113FF859-9684-40AA-B436-E6B05EC7880A}.Debug|Any CPU.Build.0 = Debug|Any CPU
		{113FF859-9684-40AA-B436-E6B05EC7880A}.Release|Any CPU.ActiveCfg = Release|Any CPU
		{113FF859-9684-40AA-B436-E6B05EC7880A}.Release|Any CPU.Build.0 = Release|Any CPU
	EndGlobalSection
	GlobalSection(SolutionProperties) = preSolution
		HideSolutionNode = FALSE
	EndGlobalSection
	GlobalSection(ExtensibilityGlobals) = postSolution
		SolutionGuid = {134CEF8F-8D41-48ED-9F6C-EB38C57B15B0}
	EndGlobalSection
EndGlobal
